
Microsoft Visual Studio Solution File, Format Version 12.00
# Visual Studio Version 16
VisualStudioVersion = 16.0.30621.155
MinimumVisualStudioVersion = 10.0.40219.1
Project("{FAE04EC0-301F-11D3-BF4B-00C04F79EFBC}") = "BepAwkwardsModPack", "BepAwkwardsModPack\BepAwkwardsModPack.csproj", "{B2F99B64-FF00-43A3-874F-466B8B3BF638}"
EndProject
Global
	GlobalSection(SolutionConfigurationPlatforms) = preSolution
		Debug|Any CPU = Debug|Any CPU
		Release|Any CPU = Release|Any CPU
	EndGlobalSection
	GlobalSection(ProjectConfigurationPlatforms) = postSolution
		{B2F99B64-FF00-43A3-874F-466B8B3BF638}.Debug|Any CPU.ActiveCfg = Debug|Any CPU
		{B2F99B64-FF00-43A3-874F-466B8B3BF638}.Debug|Any CPU.Build.0 = Debug|Any CPU
		{B2F99B64-FF00-43A3-874F-466B8B3BF638}.Release|Any CPU.ActiveCfg = Release|Any CPU
		{B2F99B64-FF00-43A3-874F-466B8B3BF638}.Release|Any CPU.Build.0 = Release|Any CPU
	EndGlobalSection
	GlobalSection(SolutionProperties) = preSolution
		HideSolutionNode = FALSE
	EndGlobalSection
	GlobalSection(ExtensibilityGlobals) = postSolution
		SolutionGuid = {ABF720AD-C35D-4D48-9EA4-4C520E027F27}
	EndGlobalSection
EndGlobal
